
Microsoft Visual Studio Solution File, Format Version 12.00
# Visual Studio Version 17
VisualStudioVersion = 17.3.32804.467
MinimumVisualStudioVersion = 10.0.40219.1
Project("{FAE04EC0-301F-11D3-BF4B-00C04F79EFBC}") = "Calculator_Project", "Calculator_Project\Calculator_Project.csproj", "{5FD522D6-B69E-4687-B313-12CA96CF9E81}"
EndProject
Global
	GlobalSection(SolutionConfigurationPlatforms) = preSolution
		Debug|Any CPU = Debug|Any CPU
		Release|Any CPU = Release|Any CPU
	EndGlobalSection
	GlobalSection(ProjectConfigurationPlatforms) = postSolution
		{5FD522D6-B69E-4687-B313-12CA96CF9E81}.Debug|Any CPU.ActiveCfg = Debug|Any CPU
		{5FD522D6-B69E-4687-B313-12CA96CF9E81}.Debug|Any CPU.Build.0 = Debug|Any CPU
		{5FD522D6-B69E-4687-B313-12CA96CF9E81}.Release|Any CPU.ActiveCfg = Release|Any CPU
		{5FD522D6-B69E-4687-B313-12CA96CF9E81}.Release|Any CPU.Build.0 = Release|Any CPU
	EndGlobalSection
	GlobalSection(SolutionProperties) = preSolution
		HideSolutionNode = FALSE
	EndGlobalSection
	GlobalSection(ExtensibilityGlobals) = postSolution
		SolutionGuid = {121599B3-CA3F-49BE-93D6-C71648F51883}
	EndGlobalSection
EndGlobal
